
Microsoft Visual Studio Solution File, Format Version 12.00
# Visual Studio Version 17
VisualStudioVersion = 17.14.36310.24 d17.14
MinimumVisualStudioVersion = 10.0.40219.1
Project("{FAE04EC0-301F-11D3-BF4B-00C04F79EFBC}") = "painter", "painter\painter.csproj", "{B23AD97A-EA55-46A7-BCD5-5E960B359739}"
EndProject
Global
	GlobalSection(SolutionConfigurationPlatforms) = preSolution
		Debug|Any CPU = Debug|Any CPU
		Release|Any CPU = Release|Any CPU
	EndGlobalSection
	GlobalSection(ProjectConfigurationPlatforms) = postSolution
		{B23AD97A-EA55-46A7-BCD5-5E960B359739}.Debug|Any CPU.ActiveCfg = Debug|Any CPU
		{B23AD97A-EA55-46A7-BCD5-5E960B359739}.Debug|Any CPU.Build.0 = Debug|Any CPU
		{B23AD97A-EA55-46A7-BCD5-5E960B359739}.Release|Any CPU.ActiveCfg = Release|Any CPU
		{B23AD97A-EA55-46A7-BCD5-5E960B359739}.Release|Any CPU.Build.0 = Release|Any CPU
	EndGlobalSection
	GlobalSection(SolutionProperties) = preSolution
		HideSolutionNode = FALSE
	EndGlobalSection
	GlobalSection(ExtensibilityGlobals) = postSolution
		SolutionGuid = {757D75A0-B424-455E-921D-1201E952C3D9}
	EndGlobalSection
EndGlobal
